{
  "nodes": {
    "nixpkgs": {
      "locked": {
        "lastModified": 1764672953,
        "narHash": "sha256-LxZ2V7f7A1smAeYxDzWXiHsaNoueuL/6k4YxpMjh7zU=",
        "owner": "NixOS",
        "repo": "nixpkgs",
        "rev": "e0e136978adaaad76b26e7aaaac3d7d27638b5a5",
        "type": "github"
      },
      "original": {
        "id": "nixpkgs",
        "ref": "release-25.11",
        "type": "indirect"
      }
    },
    "root": {
      "inputs": {
        "nixpkgs": "nixpkgs"
      }
    }
  },
  "root": "root",
  "version": 7
}
